<?xml version="1.0" encoding="utf-8"?>
<Project ToolsVersion="4.0" xmlns="http://schemas.microsoft.com/developer/msbuild/2003">
  <ItemGroup>
    <Filter Include="Source Files">
      <UniqueIdentifier>{4FC737F1-C7A5-4376-A066-2A32D752A2FF}</UniqueIdentifier>
      <Extensions>cpp;c;cc;cxx;def;odl;idl;hpj;bat;asm;asmx</Extensions>
    </Filter>
    <Filter Include="Header Files">
      <UniqueIdentifier>{93995380-89BD-4b04-88EB-625FBE52EBFB}</UniqueIdentifier>
      <Extensions>h;hpp;hxx;hm;inl;inc;xsd</Extensions>
    </Filter>
    <Filter Include="Driver Files">
      <UniqueIdentifier>{8E41214B-6785-4CFE-B992-037D68949A14}</UniqueIdentifier>
      <Extensions>inf;inv;inx;mof;mc;</Extensions>
    </Filter>
    <Filter Include="hde">
      <UniqueIdentifier>{d1e28be2-d0d8-4994-b4cd-ac6575298766}</UniqueIdentifier>
    </Filter>
    <Filter Include="STL">
      <UniqueIdentifier>{0d4b76ef-5687-482e-b446-fa92e2fdb4d1}</UniqueIdentifier>
    </Filter>
    <Filter Include="json">
      <UniqueIdentifier>{214ccd9e-e820-4c0f-b23d-d1945556e46d}</UniqueIdentifier>
    </Filter>
    <Filter Include="minirtl">
      <UniqueIdentifier>{eb8a29f2-ab10-4ea7-a773-243783734b1a}</UniqueIdentifier>
    </Filter>
    <Filter Include="regex">
      <UniqueIdentifier>{86c2937e-5e81-4693-82f4-6fdc73f8003a}</UniqueIdentifier>
    </Filter>
  </ItemGroup>
  <ItemGroup>
    <Inf Include="HyperPlatform.inf">
      <Filter>Driver Files</Filter>
    </Inf>
  </ItemGroup>
  <ItemGroup>
    <ClCompile Include="driver.cpp">
      <Filter>Source Files</Filter>
    </ClCompile>
    <ClCompile Include="ept.cpp">
      <Filter>Source Files</Filter>
    </ClCompile>
    <ClCompile Include="log.cpp">
      <Filter>Source Files</Filter>
    </ClCompile>
    <ClCompile Include="performance.cpp">
      <Filter>Source Files</Filter>
    </ClCompile>
    <ClCompile Include="util.cpp">
      <Filter>Source Files</Filter>
    </ClCompile>
    <ClCompile Include="vm.cpp">
      <Filter>Source Files</Filter>
    </ClCompile>
    <ClCompile Include="vmm.cpp">
      <Filter>Source Files</Filter>
    </ClCompile>
    <ClCompile Include="power_callback.cpp">
      <Filter>Source Files</Filter>
    </ClCompile>
    <ClCompile Include="hotplug_callback.cpp">
      <Filter>Source Files</Filter>
    </ClCompile>
    <ClCompile Include="systemcall.cpp">
      <Filter>Source Files</Filter>
    </ClCompile>
    <ClCompile Include="kernel-hook\khook\khook\hk.c">
      <Filter>Source Files</Filter>
    </ClCompile>
    <ClCompile Include="kernel-hook\khook\hde\hde32.cpp">
      <Filter>hde</Filter>
    </ClCompile>
    <ClCompile Include="kernel-hook\khook\hde\hde64.cpp">
      <Filter>hde</Filter>
    </ClCompile>
    <ClCompile Include="include\exclusivity.cpp">
      <Filter>Source Files</Filter>
    </ClCompile>
    <ClCompile Include="FakePage.cpp">
      <Filter>Source Files</Filter>
    </ClCompile>
    <ClCompile Include="include\global.cpp">
      <Filter>STL</Filter>
    </ClCompile>
    <ClCompile Include="include\initsect.cpp">
      <Filter>STL</Filter>
    </ClCompile>
    <ClCompile Include="include\string.cpp">
      <Filter>STL</Filter>
    </ClCompile>
    <ClCompile Include="service_hook.cpp">
      <Filter>Source Files</Filter>
    </ClCompile>
    <ClCompile Include="include\handle.cpp">
      <Filter>Source Files</Filter>
    </ClCompile>
    <ClCompile Include="device.cpp">
      <Filter>Source Files</Filter>
    </ClCompile>
    <ClCompile Include="json\cJSON.c">
      <Filter>json</Filter>
    </ClCompile>
    <ClCompile Include="json\kcrt.c">
      <Filter>json</Filter>
    </ClCompile>
    <ClCompile Include="config.cpp">
      <Filter>Source Files</Filter>
    </ClCompile>
    <ClCompile Include="minirtl\_strcat.c">
      <Filter>minirtl</Filter>
    </ClCompile>
    <ClCompile Include="minirtl\_strchr.c">
      <Filter>minirtl</Filter>
    </ClCompile>
    <ClCompile Include="minirtl\_strcmp.c">
      <Filter>minirtl</Filter>
    </ClCompile>
    <ClCompile Include="minirtl\_strcmpi.c">
      <Filter>minirtl</Filter>
    </ClCompile>
    <ClCompile Include="minirtl\_strcpy.c">
      <Filter>minirtl</Filter>
    </ClCompile>
    <ClCompile Include="minirtl\_strcpyn.c">
      <Filter>minirtl</Filter>
    </ClCompile>
    <ClCompile Include="minirtl\_strend.c">
      <Filter>minirtl</Filter>
    </ClCompile>
    <ClCompile Include="minirtl\_strlen.c">
      <Filter>minirtl</Filter>
    </ClCompile>
    <ClCompile Include="minirtl\_strncmp.c">
      <Filter>minirtl</Filter>
    </ClCompile>
    <ClCompile Include="minirtl\_strncmpi.c">
      <Filter>minirtl</Filter>
    </ClCompile>
    <ClCompile Include="minirtl\_strncpy.c">
      <Filter>minirtl</Filter>
    </ClCompile>
    <ClCompile Include="minirtl\_strstr.c">
      <Filter>minirtl</Filter>
    </ClCompile>
    <ClCompile Include="minirtl\_strstri.c">
      <Filter>minirtl</Filter>
    </ClCompile>
    <ClCompile Include="minirtl\cmdline.c">
      <Filter>minirtl</Filter>
    </ClCompile>
    <ClCompile Include="minirtl\hextou64.c">
      <Filter>minirtl</Filter>
    </ClCompile>
    <ClCompile Include="minirtl\hextoul.c">
      <Filter>minirtl</Filter>
    </ClCompile>
    <ClCompile Include="minirtl\i64tostr.c">
      <Filter>minirtl</Filter>
    </ClCompile>
    <ClCompile Include="minirtl\itostr.c">
      <Filter>minirtl</Filter>
    </ClCompile>
    <ClCompile Include="minirtl\strtoi.c">
      <Filter>minirtl</Filter>
    </ClCompile>
    <ClCompile Include="minirtl\strtoi64.c">
      <Filter>minirtl</Filter>
    </ClCompile>
    <ClCompile Include="minirtl\strtou64.c">
      <Filter>minirtl</Filter>
    </ClCompile>
    <ClCompile Include="minirtl\strtoul.c">
      <Filter>minirtl</Filter>
    </ClCompile>
    <ClCompile Include="minirtl\u64tohex.c">
      <Filter>minirtl</Filter>
    </ClCompile>
    <ClCompile Include="minirtl\u64tostr.c">
      <Filter>minirtl</Filter>
    </ClCompile>
    <ClCompile Include="minirtl\ultohex.c">
      <Filter>minirtl</Filter>
    </ClCompile>
    <ClCompile Include="minirtl\ultostr.c">
      <Filter>minirtl</Filter>
    </ClCompile>
    <ClCompile Include="minirtl\_filename.c">
      <Filter>minirtl</Filter>
    </ClCompile>
    <ClCompile Include="fuzz\fuzz.cpp">
      <Filter>Source Files</Filter>
    </ClCompile>
    <ClCompile Include="regex\pcre_dfa_exec.c">
      <Filter>regex</Filter>
    </ClCompile>
    <ClCompile Include="regex\pcre_exec.c">
      <Filter>regex</Filter>
    </ClCompile>
    <ClCompile Include="regex\pcre_fullinfo.c">
      <Filter>regex</Filter>
    </ClCompile>
    <ClCompile Include="regex\pcre_get.c">
      <Filter>regex</Filter>
    </ClCompile>
    <ClCompile Include="regex\pcre_globals.c">
      <Filter>regex</Filter>
    </ClCompile>
    <ClCompile Include="regex\pcre_maketables.c">
      <Filter>regex</Filter>
    </ClCompile>
    <ClCompile Include="regex\pcre_newline.c">
      <Filter>regex</Filter>
    </ClCompile>
    <ClCompile Include="regex\pcre_ord2utf8.c">
      <Filter>regex</Filter>
    </ClCompile>
    <ClCompile Include="regex\pcre_refcount.c">
      <Filter>regex</Filter>
    </ClCompile>
    <ClCompile Include="regex\pcre_string_utils.c">
      <Filter>regex</Filter>
    </ClCompile>
    <ClCompile Include="regex\pcre_study.c">
      <Filter>regex</Filter>
    </ClCompile>
    <ClCompile Include="regex\pcre_tables.c">
      <Filter>regex</Filter>
    </ClCompile>
    <ClCompile Include="regex\pcre_ucd.c">
      <Filter>regex</Filter>
    </ClCompile>
    <ClCompile Include="regex\pcre_valid_utf8.c">
      <Filter>regex</Filter>
    </ClCompile>
    <ClCompile Include="regex\pcre_version.c">
      <Filter>regex</Filter>
    </ClCompile>
    <ClCompile Include="regex\pcre_xclass.c">
      <Filter>regex</Filter>
    </ClCompile>
    <ClCompile Include="regex\pcre_byte_order.c">
      <Filter>regex</Filter>
    </ClCompile>
    <ClCompile Include="regex\pcre_compile.c">
      <Filter>regex</Filter>
    </ClCompile>
    <ClCompile Include="regex\pcre_config.c">
      <Filter>regex</Filter>
    </ClCompile>
    <ClCompile Include="regex\pcre_chartables.c">
      <Filter>regex</Filter>
    </ClCompile>
    <ClCompile Include="ssdt.cpp">
      <Filter>Source Files</Filter>
    </ClCompile>
    <ClCompile Include="sssdt.cpp">
      <Filter>Source Files</Filter>
    </ClCompile>
    <ClCompile Include="anti_scrshoot.cpp">
      <Filter>Source Files</Filter>
    </ClCompile>
  </ItemGroup>
  <ItemGroup>
    <ClInclude Include="asm.h">
      <Filter>Header Files</Filter>
    </ClInclude>
    <ClInclude Include="ept.h">
      <Filter>Header Files</Filter>
    </ClInclude>
    <ClInclude Include="ia32_type.h">
      <Filter>Header Files</Filter>
    </ClInclude>
    <ClInclude Include="log.h">
      <Filter>Header Files</Filter>
    </ClInclude>
    <ClInclude Include="perf_counter.h">
      <Filter>Header Files</Filter>
    </ClInclude>
    <ClInclude Include="performance.h">
      <Filter>Header Files</Filter>
    </ClInclude>
    <ClInclude Include="util.h">
      <Filter>Header Files</Filter>
    </ClInclude>
    <ClInclude Include="vm.h">
      <Filter>Header Files</Filter>
    </ClInclude>
    <ClInclude Include="vmm.h">
      <Filter>Header Files</Filter>
    </ClInclude>
    <ClInclude Include="common.h">
      <Filter>Header Files</Filter>
    </ClInclude>
    <ClInclude Include="driver.h">
      <Filter>Header Files</Filter>
    </ClInclude>
    <ClInclude Include="util_page_constants.h">
      <Filter>Header Files</Filter>
    </ClInclude>
    <ClInclude Include="global_object.h">
      <Filter>Header Files</Filter>
    </ClInclude>
    <ClInclude Include="hotplug_callback.h">
      <Filter>Header Files</Filter>
    </ClInclude>
    <ClInclude Include="power_callback.h">
      <Filter>Header Files</Filter>
    </ClInclude>
    <ClInclude Include="systemcall.h">
      <Filter>Header Files</Filter>
    </ClInclude>
    <ClInclude Include="KernelBase.h">
      <Filter>Header Files</Filter>
    </ClInclude>
    <ClInclude Include="kernel-hook\khook\khook\hk.h">
      <Filter>Header Files</Filter>
    </ClInclude>
    <ClInclude Include="kernel-hook\khook\hde\hde.h">
      <Filter>hde</Filter>
    </ClInclude>
    <ClInclude Include="kernel-hook\khook\hde\hde_stdint.h">
      <Filter>hde</Filter>
    </ClInclude>
    <ClInclude Include="kernel-hook\khook\hde\hde32.h">
      <Filter>hde</Filter>
    </ClInclude>
    <ClInclude Include="kernel-hook\khook\hde\hde64.h">
      <Filter>hde</Filter>
    </ClInclude>
    <ClInclude Include="kernel-hook\khook\hde\table32.h">
      <Filter>hde</Filter>
    </ClInclude>
    <ClInclude Include="kernel-hook\khook\hde\table64.h">
      <Filter>hde</Filter>
    </ClInclude>
    <ClInclude Include="include\exclusivity.h">
      <Filter>hde</Filter>
    </ClInclude>
    <ClInclude Include="FakePage.h">
      <Filter>Header Files</Filter>
    </ClInclude>
    <ClInclude Include="include\write_protect.h">
      <Filter>Header Files</Filter>
    </ClInclude>
    <ClInclude Include="include\global.hpp">
      <Filter>STL</Filter>
    </ClInclude>
    <ClInclude Include="include\vector.hpp">
      <Filter>STL</Filter>
    </ClInclude>
    <ClInclude Include="include\sect_attribs.h">
      <Filter>STL</Filter>
    </ClInclude>
    <ClInclude Include="include\type_traits.hpp">
      <Filter>STL</Filter>
    </ClInclude>
    <ClInclude Include="include\string.hpp">
      <Filter>STL</Filter>
    </ClInclude>
    <ClInclude Include="service_hook.h">
      <Filter>Header Files</Filter>
    </ClInclude>
    <ClInclude Include="include\handle.h">
      <Filter>Header Files</Filter>
    </ClInclude>
    <ClInclude Include="device.h">
      <Filter>Header Files</Filter>
    </ClInclude>
    <ClInclude Include="error_bugcheck.h">
      <Filter>Header Files</Filter>
    </ClInclude>
    <ClInclude Include="json\cJSON.h">
      <Filter>json</Filter>
    </ClInclude>
    <ClInclude Include="json\kcrt.h">
      <Filter>json</Filter>
    </ClInclude>
    <ClInclude Include="config.h">
      <Filter>Header Files</Filter>
    </ClInclude>
    <ClInclude Include="minirtl\cmdline.h">
      <Filter>minirtl</Filter>
    </ClInclude>
    <ClInclude Include="minirtl\minirtl.h">
      <Filter>minirtl</Filter>
    </ClInclude>
    <ClInclude Include="minirtl\rtltypes.h">
      <Filter>minirtl</Filter>
    </ClInclude>
    <ClInclude Include="minirtl\_filename.h">
      <Filter>minirtl</Filter>
    </ClInclude>
    <ClInclude Include="fuzz\fuzz.h">
      <Filter>Source Files</Filter>
    </ClInclude>
    <ClInclude Include="regex\pcre.h">
      <Filter>regex</Filter>
    </ClInclude>
    <ClInclude Include="regex\pcre_regex.h">
      <Filter>regex</Filter>
    </ClInclude>
    <ClInclude Include="regex\config.h">
      <Filter>regex</Filter>
    </ClInclude>
    <ClInclude Include="regex\pcre_internal.h">
      <Filter>regex</Filter>
    </ClInclude>
    <ClInclude Include="include\algorithm.hpp">
      <Filter>STL</Filter>
    </ClInclude>
  </ItemGroup>
  <ItemGroup>
    <None Include="HyperPlatform.ruleset" />
    <None Include="kernel-hook\khook\hde\LICENSE">
      <Filter>hde</Filter>
    </None>
  </ItemGroup>
  <ItemGroup>
    <MASM Include="Arch\x64\x64.asm">
      <Filter>Source Files</Filter>
    </MASM>
    <MASM Include="KernelBase.asm">
      <Filter>Source Files</Filter>
    </MASM>
    <MASM Include="system_call_handler.asm">
      <Filter>Source Files</Filter>
    </MASM>
  </ItemGroup>
</Project>